
Microsoft Visual Studio Solution File, Format Version 12.00
# Visual Studio Version 17
VisualStudioVersion = 17.13.35828.75 d17.13
MinimumVisualStudioVersion = 10.0.40219.1
Project("{FAE04EC0-301F-11D3-BF4B-00C04F79EFBC}") = "WebApp", "WebApp\WebApp.csproj", "{D0CC6842-089F-464E-A623-B03D64CF2F47}"
EndProject
Project("{FAE04EC0-301F-11D3-BF4B-00C04F79EFBC}") = "WebAPI", "WebAPI\WebAPI.csproj", "{C77E36CA-9574-4428-BCA7-00B57478E26E}"
EndProject
Global
	GlobalSection(SolutionConfigurationPlatforms) = preSolution
		Debug|Any CPU = Debug|Any CPU
		Release|Any CPU = Release|Any CPU
	EndGlobalSection
	GlobalSection(ProjectConfigurationPlatforms) = postSolution
		{D0CC6842-089F-464E-A623-B03D64CF2F47}.Debug|Any CPU.ActiveCfg = Debug|Any CPU
		{D0CC6842-089F-464E-A623-B03D64CF2F47}.Debug|Any CPU.Build.0 = Debug|Any CPU
		{D0CC6842-089F-464E-A623-B03D64CF2F47}.Release|Any CPU.ActiveCfg = Release|Any CPU
		{D0CC6842-089F-464E-A623-B03D64CF2F47}.Release|Any CPU.Build.0 = Release|Any CPU
		{C77E36CA-9574-4428-BCA7-00B57478E26E}.Debug|Any CPU.ActiveCfg = Debug|Any CPU
		{C77E36CA-9574-4428-BCA7-00B57478E26E}.Debug|Any CPU.Build.0 = Debug|Any CPU
		{C77E36CA-9574-4428-BCA7-00B57478E26E}.Release|Any CPU.ActiveCfg = Release|Any CPU
		{C77E36CA-9574-4428-BCA7-00B57478E26E}.Release|Any CPU.Build.0 = Release|Any CPU
	EndGlobalSection
	GlobalSection(SolutionProperties) = preSolution
		HideSolutionNode = FALSE
	EndGlobalSection
	GlobalSection(ExtensibilityGlobals) = postSolution
		SolutionGuid = {3F1A7B14-B3AE-41AF-BABF-9C1809067AC6}
	EndGlobalSection
EndGlobal
